
Microsoft Visual Studio Solution File, Format Version 12.00
# Visual Studio Version 16
VisualStudioVersion = 16.0.30717.126
MinimumVisualStudioVersion = 10.0.40219.1
Project("{FAE04EC0-301F-11D3-BF4B-00C04F79EFBC}") = "MatchGame", "MatchGame\MatchGame.csproj", "{7F0309EF-E3AA-41CE-BBB4-99DAED6167BF}"
EndProject
Global
	GlobalSection(SolutionConfigurationPlatforms) = preSolution
		Debug|Any CPU = Debug|Any CPU
		Release|Any CPU = Release|Any CPU
	EndGlobalSection
	GlobalSection(ProjectConfigurationPlatforms) = postSolution
		{7F0309EF-E3AA-41CE-BBB4-99DAED6167BF}.Debug|Any CPU.ActiveCfg = Debug|Any CPU
		{7F0309EF-E3AA-41CE-BBB4-99DAED6167BF}.Debug|Any CPU.Build.0 = Debug|Any CPU
		{7F0309EF-E3AA-41CE-BBB4-99DAED6167BF}.Release|Any CPU.ActiveCfg = Release|Any CPU
		{7F0309EF-E3AA-41CE-BBB4-99DAED6167BF}.Release|Any CPU.Build.0 = Release|Any CPU
	EndGlobalSection
	GlobalSection(SolutionProperties) = preSolution
		HideSolutionNode = FALSE
	EndGlobalSection
	GlobalSection(ExtensibilityGlobals) = postSolution
		SolutionGuid = {A9A465E3-420A-4CBA-9EEF-8CEC3CBBE862}
	EndGlobalSection
EndGlobal
